
Microsoft Visual Studio Solution File, Format Version 12.00
# Visual Studio Version 17
VisualStudioVersion = 17.7.34221.43
MinimumVisualStudioVersion = 10.0.40219.1
Project("{FAE04EC0-301F-11D3-BF4B-00C04F79EFBC}") = "projectHtml", "projectHtml.csproj", "{C51F6E80-0DD4-4BD9-A025-67777BCA2031}"
EndProject
Global
	GlobalSection(SolutionConfigurationPlatforms) = preSolution
		Debug|Any CPU = Debug|Any CPU
		Release|Any CPU = Release|Any CPU
	EndGlobalSection
	GlobalSection(ProjectConfigurationPlatforms) = postSolution
		{C51F6E80-0DD4-4BD9-A025-67777BCA2031}.Debug|Any CPU.ActiveCfg = Debug|Any CPU
		{C51F6E80-0DD4-4BD9-A025-67777BCA2031}.Debug|Any CPU.Build.0 = Debug|Any CPU
		{C51F6E80-0DD4-4BD9-A025-67777BCA2031}.Release|Any CPU.ActiveCfg = Release|Any CPU
		{C51F6E80-0DD4-4BD9-A025-67777BCA2031}.Release|Any CPU.Build.0 = Release|Any CPU
	EndGlobalSection
	GlobalSection(SolutionProperties) = preSolution
		HideSolutionNode = FALSE
	EndGlobalSection
	GlobalSection(ExtensibilityGlobals) = postSolution
		SolutionGuid = {FC475D6C-3102-4C79-860F-4A0678BEAC18}
	EndGlobalSection
EndGlobal
